PODS:
  - Capacitor (1.1.1):
    - CapacitorCordova (= 1.1.1)
  - CapacitorCordova (1.1.1)
  - CordovaPlugins (1.1.1):
    - CapacitorCordova

DEPENDENCIES:
  - "Capacitor (from `../../node_modules/@capacitor/ios`)"
  - "CapacitorCordova (from `../../node_modules/@capacitor/ios`)"
  - CordovaPlugins (from `../capacitor-cordova-ios-plugins`)

EXTERNAL SOURCES:
  Capacitor:
    :path: "../../node_modules/@capacitor/ios"
  CapacitorCordova:
    :path: "../../node_modules/@capacitor/ios"
  CordovaPlugins:
    :path: "../capacitor-cordova-ios-plugins"

SPEC CHECKSUMS:
  Capacitor: c275009c2ec7b7f09495b85209ca9367fc320d75
  CapacitorCordova: 502a3b5e4f989bf0ee94be4b88dd8d82721b9157
  CordovaPlugins: b1f82178a73d2b8c4c01514ca0f8daa5d011ac25

PODFILE CHECKSUM: 22ef3065b2862310e64a459943d6e74e18e04ee9

COCOAPODS: 1.5.3
